// !$*UTF8*$!
{
	archiveVersion = 1;
	classes = {
	};
	objectVersion = 56;
	objects = {

/* Begin PBXBuildFile section */
		62E055B12A3BAE17005A32DB /* main.c in Sources */ = {isa = PBXBuildFile; fileRef = 62E055B02A3BAE17005A32DB /* main.c */; };
		62E055BA2A3BAEFB005A32DB /* gCOM.c in Sources */ = {isa = PBXBuildFile; fileRef = 62E055B92A3BAEFB005A32DB /* gCOM.c */; };
		62E055C02A3CC26D005A32DB /* gParser.c in Sources */ = {isa = PBXBuildFile; fileRef = 62E055BF2A3CC26D005A32DB /* gParser.c */; };
/* End PBXBuildFile section */

/* Begin PBXCopyFilesBuildPhase section */
		62E055AB2A3BAE17005A32DB /* CopyFiles */ = {
			isa = PBXCopyFilesBuildPhase;
			buildActionMask = 2147483647;
			dstPath = /usr/share/man/man1/;
			dstSubfolderSpec = 0;
			files = (
			);
			runOnlyForDeploymentPostprocessing = 1;
		};
/* End PBXCopyFilesBuildPhase section */

/* Begin PBXFileReference section */
		62E055AD2A3BAE17005A32DB /* guiriCOM_C_xCode */ = {isa = PBXFileReference; explicitFileType = "compiled.mach-o.executable"; includeInIndex = 0; path = guiriCOM_C_xCode; sourceTree = BUILT_PRODUCTS_DIR; };
		62E055B02A3BAE17005A32DB /* main.c */ = {isa = PBXFileReference; lastKnownFileType = sourcecode.c.c; path = main.c; sourceTree = "<group>"; };
		62E055B82A3BAEFB005A32DB /* gCOM.h */ = {isa = PBXFileReference; lastKnownFileType = sourcecode.c.h; path = gCOM.h; sourceTree = "<group>"; };
		62E055B92A3BAEFB005A32DB /* gCOM.c */ = {isa = PBXFileReference; lastKnownFileType = sourcecode.c.c; path = gCOM.c; sourceTree = "<group>"; };
		62E055BE2A3CC26D005A32DB /* gParser.h */ = {isa = PBXFileReference; lastKnownFileType = sourcecode.c.h; path = gParser.h; sourceTree = "<group>"; };
		62E055BF2A3CC26D005A32DB /* gParser.c */ = {isa = PBXFileReference; lastKnownFileType = sourcecode.c.c; path = gParser.c; sourceTree = "<group>"; };
/* End PBXFileReference section */

/* Begin PBXFrameworksBuildPhase section */
		62E055AA2A3BAE17005A32DB /* Frameworks */ = {
			isa = PBXFrameworksBuildPhase;
			buildActionMask = 2147483647;
			files = (
			);
			runOnlyForDeploymentPostprocessing = 0;
		};
/* End PBXFrameworksBuildPhase section */

/* Begin PBXGroup section */
		62E055A42A3BAE17005A32DB = {
			isa = PBXGroup;
			children = (
				62E055AF2A3BAE17005A32DB /* guiriCOM_C_xCode */,
				62E055AE2A3BAE17005A32DB /* Products */,
			);
			sourceTree = "<group>";
		};
		62E055AE2A3BAE17005A32DB /* Products */ = {
			isa = PBXGroup;
			children = (
				62E055AD2A3BAE17005A32DB /* guiriCOM_C_xCode */,
			);
			name = Products;
			sourceTree = "<group>";
		};
		62E055AF2A3BAE17005A32DB /* guiriCOM_C_xCode */ = {
			isa = PBXGroup;
			children = (
				62E055B02A3BAE17005A32DB /* main.c */,
				62E055B82A3BAEFB005A32DB /* gCOM.h */,
				62E055B92A3BAEFB005A32DB /* gCOM.c */,
				62E055BE2A3CC26D005A32DB /* gParser.h */,
				62E055BF2A3CC26D005A32DB /* gParser.c */,
			);
			path = guiriCOM_C_xCode;
			sourceTree = "<group>";
		};
/* End PBXGroup section */

/* Begin PBXNativeTarget section */
		62E055AC2A3BAE17005A32DB /* guiriCOM_C_xCode */ = {
			isa = PBXNativeTarget;
			buildConfigurationList = 62E055B42A3BAE17005A32DB /* Build configuration list for PBXNativeTarget "guiriCOM_C_xCode" */;
			buildPhases = (
				62E055A92A3BAE17005A32DB /* Sources */,
				62E055AA2A3BAE17005A32DB /* Frameworks */,
				62E055AB2A3BAE17005A32DB /* CopyFiles */,
			);
			buildRules = (
			);
			dependencies = (
			);
			name = guiriCOM_C_xCode;
			productName = guiriCOM_C_xCode;
			productReference = 62E055AD2A3BAE17005A32DB /* guiriCOM_C_xCode */;
			productType = "com.apple.product-type.tool";
		};
/* End PBXNativeTarget section */

/* Begin PBXProject section */
		62E055A52A3BAE17005A32DB /* Project object */ = {
			isa = PBXProject;
			attributes = {
				BuildIndependentTargetsInParallel = 1;
				LastUpgradeCheck = 1430;
				TargetAttributes = {
					62E055AC2A3BAE17005A32DB = {
						CreatedOnToolsVersion = 14.3.1;
					};
				};
			};
			buildConfigurationList = 62E055A82A3BAE17005A32DB /* Build configuration list for PBXProject "guiriCOM_C_xCode" */;
			compatibilityVersion = "Xcode 14.0";
			developmentRegion = en;
			hasScannedForEncodings = 0;
			knownRegions = (
				en,
				Base,
			);
			mainGroup = 62E055A42A3BAE17005A32DB;
			productRefGroup = 62E055AE2A3BAE17005A32DB /* Products */;
			projectDirPath = "";
			projectRoot = "";
			targets = (
				62E055AC2A3BAE17005A32DB /* guiriCOM_C_xCode */,
			);
		};
/* End PBXProject section */

/* Begin PBXSourcesBuildPhase section */
		62E055A92A3BAE17005A32DB /* Sources */ = {
			isa = PBXSourcesBuildPhase;
			buildActionMask = 2147483647;
			files = (
				62E055B12A3BAE17005A32DB /* main.c in Sources */,
				62E055C02A3CC26D005A32DB /* gParser.c in Sources */,
				62E055BA2A3BAEFB005A32DB /* gCOM.c in Sources */,
			);
			runOnlyForDeploymentPostprocessing = 0;
		};
/* End PBXSourcesBuildPhase section */

/* Begin XCBuildConfiguration section */
		62E055B22A3BAE17005A32DB /* Debug */ = {
			isa = XCBuildConfiguration;
			buildSettings = {
				ALWAYS_SEARCH_USER_PATHS = NO;
				CLANG_ANALYZER_NONNULL = YES;
				CLANG_ANALYZER_NUMBER_OBJECT_CONVERSION = YES_AGGRESSIVE;
				CLANG_CXX_LANGUAGE_STANDARD = "gnu++20";
				CLANG_ENABLE_MODULES = YES;
				CLANG_ENABLE_OBJC_ARC = YES;
				CLANG_ENABLE_OBJC_WEAK = YES;
				CLANG_WARN_BLOCK_CAPTURE_AUTORELEASING = YES;
				CLANG_WARN_BOOL_CONVERSION = YES;
				CLANG_WARN_COMMA = YES;
				CLANG_WARN_CONSTANT_CONVERSION = YES;
				CLANG_WARN_DEPRECATED_OBJC_IMPLEMENTATIONS = YES;
				CLANG_WARN_DIRECT_OBJC_ISA_USAGE = YES_ERROR;
				CLANG_WARN_DOCUMENTATION_COMMENTS = YES;
				CLANG_WARN_EMPTY_BODY = YES;
				CLANG_WARN_ENUM_CONVERSION = YES;
				CLANG_WARN_INFINITE_RECURSION = YES;
				CLANG_WARN_INT_CONVERSION = YES;
				CLANG_WARN_NON_LITERAL_NULL_CONVERSION = YES;
				CLANG_WARN_OBJC_IMPLICIT_RETAIN_SELF = YES;
				CLANG_WARN_OBJC_LITERAL_CONVERSION = YES;
				CLANG_WARN_OBJC_ROOT_CLASS = YES_ERROR;
				CLANG_WARN_QUOTED_INCLUDE_IN_FRAMEWORK_HEADER = YES;
				CLANG_WARN_RANGE_LOOP_ANALYSIS = YES;
				CLANG_WARN_STRICT_PROTOTYPES = YES;
				CLANG_WARN_SUSPICIOUS_MOVE = YES;
				CLANG_WARN_UNGUARDED_AVAILABILITY = YES_AGGRESSIVE;
				CLANG_WARN_UNREACHABLE_CODE = YES;
				CLANG_WARN__DUPLICATE_METHOD_MATCH = YES;
				COPY_PHASE_STRIP = NO;
				DEBUG_INFORMATION_FORMAT = dwarf;
				ENABLE_STRICT_OBJC_MSGSEND = YES;
				ENABLE_TESTABILITY = YES;
				GCC_C_LANGUAGE_STANDARD = gnu11;
				GCC_DYNAMIC_NO_PIC = NO;
				GCC_NO_COMMON_BLOCKS = YES;
				GCC_OPTIMIZATION_LEVEL = 0;
				GCC_PREPROCESSOR_DEFINITIONS = (
					"DEBUG=1",
					"$(inherited)",
				);
				GCC_WARN_64_TO_32_BIT_CONVERSION = YES;
				GCC_WARN_ABOUT_RETURN_TYPE = YES_ERROR;
				GCC_WARN_UNDECLARED_SELECTOR = YES;
				GCC_WARN_UNINITIALIZED_AUTOS = YES_AGGRESSIVE;
				GCC_WARN_UNUSED_FUNCTION = YES;
				GCC_WARN_UNUSED_VARIABLE = YES;
				MACOSX_DEPLOYMENT_TARGET = 13.3;
				MTL_ENABLE_DEBUG_INFO = INCLUDE_SOURCE;
				MTL_FAST_MATH = YES;
				ONLY_ACTIVE_ARCH = YES;
				SDKROOT = macosx;
			};
			name = Debug;
		};
		62E055B32A3BAE17005A32DB /* Release */ = {
			isa = XCBuildConfiguration;
			buildSettings = {
				ALWAYS_SEARCH_USER_PATHS = NO;
				CLANG_ANALYZER_NONNULL = YES;
				CLANG_ANALYZER_NUMBER_OBJECT_CONVERSION = YES_AGGRESSIVE;
				CLANG_CXX_LANGUAGE_STANDARD = "gnu++20";
				CLANG_ENABLE_MODULES = YES;
				CLANG_ENABLE_OBJC_ARC = YES;
				CLANG_ENABLE_OBJC_WEAK = YES;
				CLANG_WARN_BLOCK_CAPTURE_AUTORELEASING = YES;
				CLANG_WARN_BOOL_CONVERSION = YES;
				CLANG_WARN_COMMA = YES;
				CLANG_WARN_CONSTANT_CONVERSION = YES;
				CLANG_WARN_DEPRECATED_OBJC_IMPLEMENTATIONS = YES;
				CLANG_WARN_DIRECT_OBJC_ISA_USAGE = YES_ERROR;
				CLANG_WARN_DOCUMENTATION_COMMENTS = YES;
				CLANG_WARN_EMPTY_BODY = YES;
				CLANG_WARN_ENUM_CONVERSION = YES;
				CLANG_WARN_INFINITE_RECURSION = YES;
				CLANG_WARN_INT_CONVERSION = YES;
				CLANG_WARN_NON_LITERAL_NULL_CONVERSION = YES;
				CLANG_WARN_OBJC_IMPLICIT_RETAIN_SELF = YES;
				CLANG_WARN_OBJC_LITERAL_CONVERSION = YES;
				CLANG_WARN_OBJC_ROOT_CLASS = YES_ERROR;
				CLANG_WARN_QUOTED_INCLUDE_IN_FRAMEWORK_HEADER = YES;
				CLANG_WARN_RANGE_LOOP_ANALYSIS = YES;
				CLANG_WARN_STRICT_PROTOTYPES = YES;
				CLANG_WARN_SUSPICIOUS_MOVE = YES;
				CLANG_WARN_UNGUARDED_AVAILABILITY = YES_AGGRESSIVE;
				CLANG_WARN_UNREACHABLE_CODE = YES;
				CLANG_WARN__DUPLICATE_METHOD_MATCH = YES;
				COPY_PHASE_STRIP = NO;
				DEBUG_INFORMATION_FORMAT = "dwarf-with-dsym";
				ENABLE_NS_ASSERTIONS = NO;
				ENABLE_STRICT_OBJC_MSGSEND = YES;
				GCC_C_LANGUAGE_STANDARD = gnu11;
				GCC_NO_COMMON_BLOCKS = YES;
				GCC_WARN_64_TO_32_BIT_CONVERSION = YES;
				GCC_WARN_ABOUT_RETURN_TYPE = YES_ERROR;
				GCC_WARN_UNDECLARED_SELECTOR = YES;
				GCC_WARN_UNINITIALIZED_AUTOS = YES_AGGRESSIVE;
				GCC_WARN_UNUSED_FUNCTION = YES;
				GCC_WARN_UNUSED_VARIABLE = YES;
				MACOSX_DEPLOYMENT_TARGET = 13.3;
				MTL_ENABLE_DEBUG_INFO = NO;
				MTL_FAST_MATH = YES;
				SDKROOT = macosx;
			};
			name = Release;
		};
		62E055B52A3BAE17005A32DB /* Debug */ = {
			isa = XCBuildConfiguration;
			buildSettings = {
				CODE_SIGN_STYLE = Automatic;
				DEVELOPMENT_TEAM = R23WP8NWSL;
				ENABLE_HARDENED_RUNTIME = YES;
				PRODUCT_NAME = "$(TARGET_NAME)";
			};
			name = Debug;
		};
		62E055B62A3BAE17005A32DB /* Release */ = {
			isa = XCBuildConfiguration;
			buildSettings = {
				CODE_SIGN_STYLE = Automatic;
				DEVELOPMENT_TEAM = R23WP8NWSL;
				ENABLE_HARDENED_RUNTIME = YES;
				PRODUCT_NAME = "$(TARGET_NAME)";
			};
			name = Release;
		};
/* End XCBuildConfiguration section */

/* Begin XCConfigurationList section */
		62E055A82A3BAE17005A32DB /* Build configuration list for PBXProject "guiriCOM_C_xCode" */ = {
			isa = XCConfigurationList;
			buildConfigurations = (
				62E055B22A3BAE17005A32DB /* Debug */,
				62E055B32A3BAE17005A32DB /* Release */,
			);
			defaultConfigurationIsVisible = 0;
			defaultConfigurationName = Release;
		};
		62E055B42A3BAE17005A32DB /* Build configuration list for PBXNativeTarget "guiriCOM_C_xCode" */ = {
			isa = XCConfigurationList;
			buildConfigurations = (
				62E055B52A3BAE17005A32DB /* Debug */,
				62E055B62A3BAE17005A32DB /* Release */,
			);
			defaultConfigurationIsVisible = 0;
			defaultConfigurationName = Release;
		};
/* End XCConfigurationList section */
	};
	rootObject = 62E055A52A3BAE17005A32DB /* Project object */;
}
